// !$*UTF8*$!
{
	archiveVersion = 1;
	classes = {
	};
	objectVersion = 39;
	objects = {
		080E96DAFE201CDB7F000001 = {
			fileRef = 2A37F4B6FDCFA73011CA2CEA;
			isa = PBXBuildFile;
			settings = {
			};
		};
		089C165FFE840EACC02AAC07 = {
			children = (
				089C1660FE840EACC02AAC07,
			);
			isa = PBXVariantGroup;
			name = InfoPlist.strings;
			refType = 4;
			sourceTree = "<group>";
		};
		089C1660FE840EACC02AAC07 = {
			fileEncoding = 10;
			isa = PBXFileReference;
			lastKnownFileType = text.plist.strings;
			name = English;
			path = English.lproj/InfoPlist.strings;
			refType = 4;
			sourceTree = "<group>";
		};
		089C1661FE840EACC02AAC07 = {
			fileRef = 089C165FFE840EACC02AAC07;
			isa = PBXBuildFile;
			settings = {
			};
		};
//080
//081
//082
//083
//084
//100
//101
//102
//103
//104
		1058C7A6FEA54F5311CA2CBB = {
			children = (
				67EC61C407F832EC007BDBDA,
				1058C7A7FEA54F5311CA2CBB,
			);
			isa = PBXGroup;
			name = "Linked Frameworks";
			refType = 4;
			sourceTree = "<group>";
		};
		1058C7A7FEA54F5311CA2CBB = {
			isa = PBXFileReference;
			lastKnownFileType = wrapper.framework;
			name = Cocoa.framework;
			path = /System/Library/Frameworks/Cocoa.framework;
			refType = 0;
			sourceTree = "<absolute>";
		};
		1058C7A8FEA54F5311CA2CBB = {
			children = (
				2A37F4C5FDCFA73011CA2CEA,
				2A37F4C4FDCFA73011CA2CEA,
			);
			isa = PBXGroup;
			name = "Other Frameworks";
			refType = 4;
			sourceTree = "<group>";
		};
		1058C7A9FEA54F5311CA2CBB = {
			fileRef = 1058C7A7FEA54F5311CA2CBB;
			isa = PBXBuildFile;
			settings = {
			};
		};
//100
//101
//102
//103
//104
//170
//171
//172
//173
//174
		1758732AFF379DA111CA2CBB = {
			explicitFileType = wrapper.application;
			isa = PBXFileReference;
			path = "View Keyring.app";
			refType = 3;
			sourceTree = BUILT_PRODUCTS_DIR;
		};
//170
//171
//172
//173
//174
//190
//191
//192
//193
//194
		19C28FB0FE9D524F11CA2CBB = {
			children = (
				1758732AFF379DA111CA2CBB,
			);
			isa = PBXGroup;
			name = Products;
			refType = 4;
			sourceTree = "<group>";
		};
//190
//191
//192
//193
//194
//2A0
//2A1
//2A2
//2A3
//2A4
		2A37F4A9FDCFA73011CA2CEA = {
			buildSettings = {
				MACOSX_DEPLOYMENT_TARGET = 10.2;
				SDKROOT = /Developer/SDKs/MacOSX10.2.7.sdk;
			};
			buildStyles = (
				4A9504D0FFE6A4CB11CA0CBA,
				4A9504D1FFE6A4CB11CA0CBA,
			);
			hasScannedForEncodings = 1;
			isa = PBXProject;
			mainGroup = 2A37F4AAFDCFA73011CA2CEA;
			projectDirPath = "";
			targets = (
				2A37F4C6FDCFA73011CA2CEA,
			);
		};
		2A37F4AAFDCFA73011CA2CEA = {
			children = (
				2A37F4ABFDCFA73011CA2CEA,
				F55F7FCE02D9D5F901170456,
				2A37F4AFFDCFA73011CA2CEA,
				2A37F4B8FDCFA73011CA2CEA,
				2A37F4C3FDCFA73011CA2CEA,
				19C28FB0FE9D524F11CA2CBB,
			);
			isa = PBXGroup;
			name = "View Keyring";
			path = "";
			refType = 4;
			sourceTree = "<group>";
		};
		2A37F4ABFDCFA73011CA2CEA = {
			children = (
				F55F7FCC02D9D5F901170456,
				F55F7FCD02D9D5F901170456,
			);
			isa = PBXGroup;
			name = Classes;
			path = "";
			refType = 4;
			sourceTree = "<group>";
		};
		2A37F4ACFDCFA73011CA2CEA = {
			fileEncoding = 5;
			isa = PBXFileReference;
			lastKnownFileType = sourcecode.c.objc;
			path = GtkrDocument.m;
			refType = 4;
			sourceTree = "<group>";
		};
		2A37F4AEFDCFA73011CA2CEA = {
			fileEncoding = 5;
			isa = PBXFileReference;
			lastKnownFileType = sourcecode.c.h;
			path = GtkrDocument.h;
			refType = 4;
			sourceTree = "<group>";
		};
		2A37F4AFFDCFA73011CA2CEA = {
			children = (
				2A37F4B0FDCFA73011CA2CEA,
			);
			isa = PBXGroup;
			name = "Other Sources";
			path = "";
			refType = 4;
			sourceTree = "<group>";
		};
		2A37F4B0FDCFA73011CA2CEA = {
			fileEncoding = 5;
			isa = PBXFileReference;
			lastKnownFileType = sourcecode.c.objc;
			path = main.m;
			refType = 4;
			sourceTree = "<group>";
		};
		2A37F4B6FDCFA73011CA2CEA = {
			children = (
				2A37F4B7FDCFA73011CA2CEA,
			);
			isa = PBXVariantGroup;
			name = MainMenu.nib;
			path = "";
			refType = 4;
			sourceTree = "<group>";
		};
		2A37F4B7FDCFA73011CA2CEA = {
			isa = PBXFileReference;
			lastKnownFileType = wrapper.nib;
			name = English;
			path = English.lproj/MainMenu.nib;
			refType = 4;
			sourceTree = "<group>";
		};
		2A37F4B8FDCFA73011CA2CEA = {
			children = (
				F5CC86A303A0978701A8010A,
				F5123F250397F6DB01A8010A,
				2A37F4B6FDCFA73011CA2CEA,
				F5123F340397FB2401A8010A,
				F5E2C81002D0D61A01296BC8,
				089C165FFE840EACC02AAC07,
				F508A9340397C6D901A8010A,
				67D3C0A20417DEB000095AE4,
				F5450DAE02CA52AF017D0FEF,
				F5450DAF02CA52AF017D0FEF,
				67D3C0A40417DED400095AE4,
				67953B0D041CE90B00199361,
				6738159E041CEDDD0090EE6E,
			);
			isa = PBXGroup;
			name = Resources;
			path = "";
			refType = 4;
			sourceTree = "<group>";
		};
		2A37F4C3FDCFA73011CA2CEA = {
			children = (
				1058C7A6FEA54F5311CA2CBB,
				1058C7A8FEA54F5311CA2CBB,
			);
			isa = PBXGroup;
			name = Frameworks;
			path = "";
			refType = 4;
			sourceTree = "<group>";
		};
		2A37F4C4FDCFA73011CA2CEA = {
			isa = PBXFileReference;
			lastKnownFileType = wrapper.framework;
			name = AppKit.framework;
			path = /System/Library/Frameworks/AppKit.framework;
			refType = 0;
			sourceTree = "<absolute>";
		};
		2A37F4C5FDCFA73011CA2CEA = {
			isa = PBXFileReference;
			lastKnownFileType = wrapper.framework;
			name = Foundation.framework;
			path = /System/Library/Frameworks/Foundation.framework;
			refType = 0;
			sourceTree = "<absolute>";
		};
		2A37F4C6FDCFA73011CA2CEA = {
			buildPhases = (
				2A37F4C7FDCFA73011CA2CEA,
				2A37F4C9FDCFA73011CA2CEA,
				2A37F4CEFDCFA73011CA2CEA,
				2A37F4D1FDCFA73011CA2CEA,
			);
			buildSettings = {
				DEBUGGING_SYMBOLS = NO;
				FRAMEWORK_SEARCH_PATHS = "";
				HEADER_SEARCH_PATHS = "";
				INSTALL_PATH = .;
				LIBRARY_SEARCH_PATHS = "";
				PRODUCT_NAME = "View Keyring";
				SECTORDER_FLAGS = "";
				WARNING_CFLAGS = "-Wmost -Wno-four-char-constants -Wno-unknown-pragmas";
				WRAPPER_EXTENSION = app;
			};
			dependencies = (
			);
			isa = PBXApplicationTarget;
			name = "View Keyring";
			productInstallPath = .;
			productName = "View Keyring";
			productReference = 1758732AFF379DA111CA2CBB;
			productSettingsXML = "<?xml version=\"1.0\" encoding=\"UTF-8\"?>
<!DOCTYPE plist PUBLIC \"-//Apple Computer//DTD PLIST 1.0//EN\" \"http://www.apple.com/DTDs/PropertyList-1.0.dtd\">
<plist version=\"1.0\">
<dict>
	<key>CFBundleDevelopmentRegion</key>
	<string>English</string>
	<key>CFBundleDocumentTypes</key>
	<array>
		<dict>
			<key>CFBundleTypeExtensions</key>
			<array>
				<string>pdb</string>
			</array>
			<key>CFBundleTypeName</key>
			<string>Keyring</string>
			<key>CFBundleTypeOSTypes</key>
			<array>
				<string>PDB </string>
			</array>
			<key>CFBundleTypeRole</key>
			<string>Viewer</string>
			<key>NSDocumentClass</key>
			<string>GtkrDocument</string>
		</dict>
	</array>
	<key>CFBundleExecutable</key>
	<string>View Keyring</string>
	<key>CFBundleHelpBookFolder</key>
	<string>View Keyring Help</string>
	<key>CFBundleHelpBookName</key>
	<string>View Keyring Help</string>
	<key>CFBundleIconFile</key>
	<string>Keyring.icns</string>
	<key>CFBundleIdentifier</key>
	<string>net.sourceforge.gnukeyring.viewer</string>
	<key>CFBundleInfoDictionaryVersion</key>
	<string>6.0</string>
	<key>CFBundlePackageType</key>
	<string>APPL</string>
	<key>CFBundleSignature</key>
	<string>Gtkr</string>
	<key>CFBundleVersion</key>
	<string>0.2</string>
	<key>NSMainNibFile</key>
	<string>MainMenu</string>
	<key>NSPrincipalClass</key>
	<string>NSApplication</string>
</dict>
</plist>
";
		};
		2A37F4C7FDCFA73011CA2CEA = {
			buildActionMask = 2147483647;
			files = (
				2A37F4C8FDCFA73011CA2CEA,
				F5A2A9D202BDAB4B014C1FA8,
				F5CF0F4B02CE107B0145D358,
				F5BBF1A702CF885A010205B6,
				F53ECB5D02D83A5101668B0C,
				F508A9320397C64501A8010A,
				F5CC86A103A0926801A8010A,
				67441DFC07F829280012A400,
			);
			isa = PBXHeadersBuildPhase;
			runOnlyForDeploymentPostprocessing = 0;
		};
		2A37F4C8FDCFA73011CA2CEA = {
			fileRef = 2A37F4AEFDCFA73011CA2CEA;
			isa = PBXBuildFile;
			settings = {
			};
		};
		2A37F4C9FDCFA73011CA2CEA = {
			buildActionMask = 2147483647;
			files = (
				080E96DAFE201CDB7F000001,
				089C1661FE840EACC02AAC07,
				F5450DB002CA52AF017D0FEF,
				F5450DB102CA52AF017D0FEF,
				F5E2C81202D0D61A01296BC8,
				F508A9350397C6D901A8010A,
				F5123F270397F6DC01A8010A,
				F5123F360397FB2401A8010A,
				F5CC86A503A0978701A8010A,
				67D3C0A30417DEB000095AE4,
				67953B10041CE90B00199361,
			);
			isa = PBXResourcesBuildPhase;
			runOnlyForDeploymentPostprocessing = 0;
		};
		2A37F4CEFDCFA73011CA2CEA = {
			buildActionMask = 2147483647;
			files = (
				2A37F4CFFDCFA73011CA2CEA,
				2A37F4D0FDCFA73011CA2CEA,
				F5A2A9D302BDAB4B014C1FA8,
				F5CF0F4C02CE107B0145D358,
				F5BBF1A802CF885A010205B6,
				F53ECB5E02D83A5101668B0C,
				F508A9330397C64501A8010A,
				F5CC86A203A0926801A8010A,
				67441DFD07F829280012A400,
			);
			isa = PBXSourcesBuildPhase;
			runOnlyForDeploymentPostprocessing = 0;
		};
		2A37F4CFFDCFA73011CA2CEA = {
			fileRef = 2A37F4ACFDCFA73011CA2CEA;
			isa = PBXBuildFile;
			settings = {
				ATTRIBUTES = (
				);
			};
		};
		2A37F4D0FDCFA73011CA2CEA = {
			fileRef = 2A37F4B0FDCFA73011CA2CEA;
			isa = PBXBuildFile;
			settings = {
				ATTRIBUTES = (
				);
			};
		};
		2A37F4D1FDCFA73011CA2CEA = {
			buildActionMask = 2147483647;
			files = (
				1058C7A9FEA54F5311CA2CBB,
				67EC61C507F832EC007BDBDA,
			);
			isa = PBXFrameworksBuildPhase;
			runOnlyForDeploymentPostprocessing = 0;
		};
//2A0
//2A1
//2A2
//2A3
//2A4
//4A0
//4A1
//4A2
//4A3
//4A4
		4A9504D0FFE6A4CB11CA0CBA = {
			buildSettings = {
				COPY_PHASE_STRIP = NO;
				GCC_DYNAMIC_NO_PIC = NO;
				GCC_ENABLE_FIX_AND_CONTINUE = YES;
				GCC_GENERATE_DEBUGGING_SYMBOLS = YES;
				GCC_OPTIMIZATION_LEVEL = 0;
				OPTIMIZATION_CFLAGS = "-O0";
				ZERO_LINK = YES;
			};
			isa = PBXBuildStyle;
			name = Development;
		};
		4A9504D1FFE6A4CB11CA0CBA = {
			buildSettings = {
				COPY_PHASE_STRIP = YES;
				GCC_ENABLE_FIX_AND_CONTINUE = NO;
				ZERO_LINK = NO;
			};
			isa = PBXBuildStyle;
			name = Deployment;
		};
//4A0
//4A1
//4A2
//4A3
//4A4
//670
//671
//672
//673
//674
		6738159E041CEDDD0090EE6E = {
			fileEncoding = 4;
			isa = PBXFileReference;
			lastKnownFileType = text;
			path = README;
			refType = 4;
			sourceTree = "<group>";
		};
		67441DFA07F829280012A400 = {
			fileEncoding = 4;
			isa = PBXFileReference;
			lastKnownFileType = sourcecode.c.h;
			path = CryptoEngine.h;
			refType = 4;
			sourceTree = "<group>";
		};
		67441DFB07F829280012A400 = {
			fileEncoding = 4;
			isa = PBXFileReference;
			lastKnownFileType = sourcecode.c.objc;
			path = CryptoEngine.m;
			refType = 4;
			sourceTree = "<group>";
		};
		67441DFC07F829280012A400 = {
			fileRef = 67441DFA07F829280012A400;
			isa = PBXBuildFile;
			settings = {
			};
		};
		67441DFD07F829280012A400 = {
			fileRef = 67441DFB07F829280012A400;
			isa = PBXBuildFile;
			settings = {
			};
		};
		67953B0D041CE90B00199361 = {
			children = (
				67953B0E041CE90B00199361,
			);
			isa = PBXVariantGroup;
			name = "View Keyring Help";
			path = "";
			refType = 4;
			sourceTree = "<group>";
		};
		67953B0E041CE90B00199361 = {
			includeInIndex = 1;
			isa = PBXFileReference;
			lastKnownFileType = folder;
			name = English;
			path = "English.lproj/View Keyring Help";
			refType = 4;
			sourceTree = "<group>";
		};
		67953B10041CE90B00199361 = {
			fileRef = 67953B0D041CE90B00199361;
			isa = PBXBuildFile;
			settings = {
			};
		};
		67D3C0A20417DEB000095AE4 = {
			isa = PBXFileReference;
			lastKnownFileType = image.icns;
			path = Keyring.icns;
			refType = 4;
			sourceTree = "<group>";
		};
		67D3C0A30417DEB000095AE4 = {
			fileRef = 67D3C0A20417DEB000095AE4;
			isa = PBXBuildFile;
			settings = {
			};
		};
		67D3C0A40417DED400095AE4 = {
			isa = PBXFileReference;
			lastKnownFileType = file;
			path = Keyring.psd;
			refType = 4;
			sourceTree = "<group>";
		};
		67EC61C407F832EC007BDBDA = {
			isa = PBXFileReference;
			lastKnownFileType = wrapper.framework;
			name = Security.framework;
			path = /System/Library/Frameworks/Security.framework;
			refType = 0;
			sourceTree = "<absolute>";
		};
		67EC61C507F832EC007BDBDA = {
			fileRef = 67EC61C407F832EC007BDBDA;
			isa = PBXBuildFile;
			settings = {
			};
		};
//670
//671
//672
//673
//674
//F50
//F51
//F52
//F53
//F54
		F508A9300397C64501A8010A = {
			fileEncoding = 5;
			isa = PBXFileReference;
			lastKnownFileType = sourcecode.c.h;
			path = PrefsController.h;
			refType = 4;
			sourceTree = "<group>";
		};
		F508A9310397C64501A8010A = {
			fileEncoding = 5;
			isa = PBXFileReference;
			lastKnownFileType = sourcecode.c.objc;
			path = PrefsController.m;
			refType = 4;
			sourceTree = "<group>";
		};
		F508A9320397C64501A8010A = {
			fileRef = F508A9300397C64501A8010A;
			isa = PBXBuildFile;
			settings = {
			};
		};
		F508A9330397C64501A8010A = {
			fileRef = F508A9310397C64501A8010A;
			isa = PBXBuildFile;
			settings = {
			};
		};
		F508A9340397C6D901A8010A = {
			fileEncoding = 4;
			isa = PBXFileReference;
			lastKnownFileType = text.plist;
			path = defaults.plist;
			refType = 4;
			sourceTree = "<group>";
		};
		F508A9350397C6D901A8010A = {
			fileRef = F508A9340397C6D901A8010A;
			isa = PBXBuildFile;
			settings = {
			};
		};
		F5123F250397F6DB01A8010A = {
			children = (
				F5123F260397F6DB01A8010A,
			);
			isa = PBXVariantGroup;
			name = Preferences.nib;
			path = "";
			refType = 4;
			sourceTree = "<group>";
		};
		F5123F260397F6DB01A8010A = {
			isa = PBXFileReference;
			lastKnownFileType = wrapper.nib;
			name = English;
			path = English.lproj/Preferences.nib;
			refType = 4;
			sourceTree = "<group>";
		};
		F5123F270397F6DC01A8010A = {
			fileRef = F5123F250397F6DB01A8010A;
			isa = PBXBuildFile;
			settings = {
			};
		};
		F5123F340397FB2401A8010A = {
			children = (
				F5123F350397FB2401A8010A,
			);
			isa = PBXVariantGroup;
			name = GtkrDocument.nib;
			path = "";
			refType = 4;
			sourceTree = "<group>";
		};
		F5123F350397FB2401A8010A = {
			isa = PBXFileReference;
			lastKnownFileType = wrapper.nib;
			name = English;
			path = English.lproj/GtkrDocument.nib;
			refType = 4;
			sourceTree = "<group>";
		};
		F5123F360397FB2401A8010A = {
			fileRef = F5123F340397FB2401A8010A;
			isa = PBXBuildFile;
			settings = {
			};
		};
		F53ECB5B02D83A5101668B0C = {
			fileEncoding = 5;
			isa = PBXFileReference;
			lastKnownFileType = sourcecode.c.h;
			path = PDB.h;
			refType = 4;
			sourceTree = "<group>";
		};
		F53ECB5C02D83A5101668B0C = {
			fileEncoding = 5;
			isa = PBXFileReference;
			lastKnownFileType = sourcecode.c.objc;
			path = PDB.m;
			refType = 4;
			sourceTree = "<group>";
		};
		F53ECB5D02D83A5101668B0C = {
			fileRef = F53ECB5B02D83A5101668B0C;
			isa = PBXBuildFile;
			settings = {
			};
		};
		F53ECB5E02D83A5101668B0C = {
			fileRef = F53ECB5C02D83A5101668B0C;
			isa = PBXBuildFile;
			settings = {
			};
		};
		F5450DAE02CA52AF017D0FEF = {
			isa = PBXFileReference;
			lastKnownFileType = image.tiff;
			path = Locked.tiff;
			refType = 2;
			sourceTree = SOURCE_ROOT;
		};
		F5450DAF02CA52AF017D0FEF = {
			isa = PBXFileReference;
			lastKnownFileType = image.tiff;
			path = Unlocked.tiff;
			refType = 2;
			sourceTree = SOURCE_ROOT;
		};
		F5450DB002CA52AF017D0FEF = {
			fileRef = F5450DAE02CA52AF017D0FEF;
			isa = PBXBuildFile;
			settings = {
			};
		};
		F5450DB102CA52AF017D0FEF = {
			fileRef = F5450DAF02CA52AF017D0FEF;
			isa = PBXBuildFile;
			settings = {
			};
		};
		F55F7FCC02D9D5F901170456 = {
			children = (
				2A37F4AEFDCFA73011CA2CEA,
				2A37F4ACFDCFA73011CA2CEA,
				F5A2A9D002BDAB4B014C1FA8,
				F5A2A9D102BDAB4B014C1FA8,
				F508A9300397C64501A8010A,
				F508A9310397C64501A8010A,
				F5CC869F03A0926801A8010A,
				F5CC86A003A0926801A8010A,
			);
			isa = PBXGroup;
			name = Controllers;
			refType = 4;
			sourceTree = "<group>";
		};
		F55F7FCD02D9D5F901170456 = {
			children = (
				F5CF0F4902CE107B0145D358,
				F5CF0F4A02CE107B0145D358,
				F53ECB5B02D83A5101668B0C,
				F53ECB5C02D83A5101668B0C,
			);
			isa = PBXGroup;
			name = Models;
			refType = 4;
			sourceTree = "<group>";
		};
		F55F7FCE02D9D5F901170456 = {
			children = (
				67441DFA07F829280012A400,
				67441DFB07F829280012A400,
				F5BBF1A502CF885A010205B6,
				F5BBF1A602CF885A010205B6,
			);
			isa = PBXGroup;
			name = Categories;
			path = "";
			refType = 4;
			sourceTree = "<group>";
		};
		F5A2A9D002BDAB4B014C1FA8 = {
			fileEncoding = 5;
			isa = PBXFileReference;
			lastKnownFileType = sourcecode.c.h;
			path = AppController.h;
			refType = 4;
			sourceTree = "<group>";
		};
		F5A2A9D102BDAB4B014C1FA8 = {
			fileEncoding = 5;
			isa = PBXFileReference;
			lastKnownFileType = sourcecode.c.objc;
			path = AppController.m;
			refType = 4;
			sourceTree = "<group>";
		};
		F5A2A9D202BDAB4B014C1FA8 = {
			fileRef = F5A2A9D002BDAB4B014C1FA8;
			isa = PBXBuildFile;
			settings = {
			};
		};
		F5A2A9D302BDAB4B014C1FA8 = {
			fileRef = F5A2A9D102BDAB4B014C1FA8;
			isa = PBXBuildFile;
			settings = {
			};
		};
		F5BBF1A502CF885A010205B6 = {
			fileEncoding = 5;
			isa = PBXFileReference;
			lastKnownFileType = sourcecode.c.h;
			path = DataAdditions.h;
			refType = 4;
			sourceTree = "<group>";
		};
		F5BBF1A602CF885A010205B6 = {
			fileEncoding = 5;
			isa = PBXFileReference;
			lastKnownFileType = sourcecode.c.objc;
			path = DataAdditions.m;
			refType = 4;
			sourceTree = "<group>";
		};
		F5BBF1A702CF885A010205B6 = {
			fileRef = F5BBF1A502CF885A010205B6;
			isa = PBXBuildFile;
			settings = {
			};
		};
		F5BBF1A802CF885A010205B6 = {
			fileRef = F5BBF1A602CF885A010205B6;
			isa = PBXBuildFile;
			settings = {
			};
		};
		F5CC869F03A0926801A8010A = {
			fileEncoding = 5;
			isa = PBXFileReference;
			lastKnownFileType = sourcecode.c.h;
			path = AboutController.h;
			refType = 4;
			sourceTree = "<group>";
		};
		F5CC86A003A0926801A8010A = {
			fileEncoding = 5;
			isa = PBXFileReference;
			lastKnownFileType = sourcecode.c.objc;
			path = AboutController.m;
			refType = 4;
			sourceTree = "<group>";
		};
		F5CC86A103A0926801A8010A = {
			fileRef = F5CC869F03A0926801A8010A;
			isa = PBXBuildFile;
			settings = {
			};
		};
		F5CC86A203A0926801A8010A = {
			fileRef = F5CC86A003A0926801A8010A;
			isa = PBXBuildFile;
			settings = {
			};
		};
		F5CC86A303A0978701A8010A = {
			children = (
				F5CC86A403A0978701A8010A,
			);
			isa = PBXVariantGroup;
			name = About.nib;
			path = "";
			refType = 4;
			sourceTree = "<group>";
		};
		F5CC86A403A0978701A8010A = {
			isa = PBXFileReference;
			lastKnownFileType = wrapper.nib;
			name = English;
			path = English.lproj/About.nib;
			refType = 4;
			sourceTree = "<group>";
		};
		F5CC86A503A0978701A8010A = {
			fileRef = F5CC86A303A0978701A8010A;
			isa = PBXBuildFile;
			settings = {
			};
		};
		F5CF0F4902CE107B0145D358 = {
			fileEncoding = 5;
			isa = PBXFileReference;
			lastKnownFileType = sourcecode.c.h;
			path = Keyring.h;
			refType = 4;
			sourceTree = "<group>";
		};
		F5CF0F4A02CE107B0145D358 = {
			fileEncoding = 5;
			isa = PBXFileReference;
			lastKnownFileType = sourcecode.c.objc;
			path = Keyring.m;
			refType = 4;
			sourceTree = "<group>";
		};
		F5CF0F4B02CE107B0145D358 = {
			fileRef = F5CF0F4902CE107B0145D358;
			isa = PBXBuildFile;
			settings = {
			};
		};
		F5CF0F4C02CE107B0145D358 = {
			fileRef = F5CF0F4A02CE107B0145D358;
			isa = PBXBuildFile;
			settings = {
			};
		};
		F5E2C81002D0D61A01296BC8 = {
			children = (
				F5E2C81102D0D61A01296BC8,
			);
			isa = PBXVariantGroup;
			name = Localizable.strings;
			path = "";
			refType = 4;
			sourceTree = "<group>";
		};
		F5E2C81102D0D61A01296BC8 = {
			fileEncoding = 5;
			isa = PBXFileReference;
			lastKnownFileType = text.plist.strings;
			name = English;
			path = English.lproj/Localizable.strings;
			refType = 4;
			sourceTree = "<group>";
		};
		F5E2C81202D0D61A01296BC8 = {
			fileRef = F5E2C81002D0D61A01296BC8;
			isa = PBXBuildFile;
			settings = {
			};
		};
	};
	rootObject = 2A37F4A9FDCFA73011CA2CEA;
}
